load_data:
  cmd: python src/load_and_split_data.py
  deps:
  - path: data_given/HR_Analytics.csv
    md5: 5f15b26a39c02cf35a5f8bd2065e9851
    size: 3759647
  - path: src/load_and_split_data.py
    md5: 919413039c44afee6f332d40df123ae1
    size: 1519
  outs:
  - path: data/processed/test_HR_Analytics.csv
    md5: 592044857de1afbc87c782ef5c0f99b1
    size: 772255
  - path: data/processed/train_HR_Analytics.csv
    md5: bc3b9da36e3120a06c83f61622e5ff44
    size: 3088944
  - path: data/raw/HR_Analytics.csv
    md5: 4acad05c6a13e82fbabe1d0ecd76bcd8
    size: 3861015
train_and_evaluate:
  cmd: python src/train_and_evaluate.py
  deps:
  - path: data/processed/test_HR_Analytics.csv
    md5: 592044857de1afbc87c782ef5c0f99b1
    size: 772255
  - path: data/processed/train_HR_Analytics.csv
    md5: bc3b9da36e3120a06c83f61622e5ff44
    size: 3088944
  - path: src/train_and_evaluate.py
    md5: 11dad9183001651d4bb681232dee10ac
    size: 5488
  outs:
  - path: report/scores.json
    md5: 3a42f2cc0cc099309a1c6e66db6b413c
    size: 76
  - path: saved_models/model.joblib
    md5: 67873efe2ff6c8fb2e7c774df7626404
    size: 1369081
